dependencies:
- name: common
  repository: https://bjw-s-labs.github.io/helm-charts
  version: 4.6.0
- name: traefik
  repository: https://traefik.github.io/charts
  version: 39.0.2
digest: sha256:87473c0af59dae6fc82dacd2fc8555855b372065c7fe46f439dcc5a622842156
generated: "2026-02-22T12:10:37.650229471+02:00"
